
Microsoft Visual Studio Solution File, Format Version 12.00
# Visual Studio Version 17
VisualStudioVersion = 17.8.34525.116
MinimumVisualStudioVersion = 10.0.40219.1
Project("{9A19103F-16F7-4668-BE54-9A1E7A4F7556}") = "AutoLOD_ResetEdition", "AutoLOD_ResetEdition.csproj", "{0711DA4D-2FE5-48D7-A3FF-BAF603826D20}"
EndProject
Global
	GlobalSection(SolutionConfigurationPlatforms) = preSolution
		Debug|Any CPU = Debug|Any CPU
		Release|Any CPU = Release|Any CPU
	EndGlobalSection
	GlobalSection(ProjectConfigurationPlatforms) = postSolution
		{0711DA4D-2FE5-48D7-A3FF-BAF603826D20}.Debug|Any CPU.ActiveCfg = Debug|Any CPU
		{0711DA4D-2FE5-48D7-A3FF-BAF603826D20}.Debug|Any CPU.Build.0 = Debug|Any CPU
		{0711DA4D-2FE5-48D7-A3FF-BAF603826D20}.Release|Any CPU.ActiveCfg = Release|Any CPU
		{0711DA4D-2FE5-48D7-A3FF-BAF603826D20}.Release|Any CPU.Build.0 = Release|Any CPU
	EndGlobalSection
	GlobalSection(SolutionProperties) = preSolution
		HideSolutionNode = FALSE
	EndGlobalSection
	GlobalSection(ExtensibilityGlobals) = postSolution
		SolutionGuid = {BFE76200-F3AB-4DA7-A79D-23E7F052AF08}
	EndGlobalSection
EndGlobal
